{
  "name": "ethos-product-monorepo",
  "version": "0.1.0-alpha.1",
  "lockfileVersion": 3,
  "requires": true,
  "packages": {
    "": {
      "name": "ethos-product-monorepo",
      "version": "0.1.0-alpha.1",
      "workspaces": [
        "packages/ethos-node"
      ]
    },
    "node_modules/@agentic-workflow/ethos": {
      "resolved": "packages/ethos-node",
      "link": true
    },
    "packages/ethos-node": {
      "name": "@agentic-workflow/ethos",
      "version": "0.1.0-alpha.1",
      "license": "Apache-2.0",
      "bin": {
        "ethos": "bin/ethos.mjs"
      },
      "engines": {
        "node": ">=20"
      }
    }
  }
}
