# @generated - this file is auto-generated by `mise lock` https://mise.jdx.dev/dev-tools/mise-lock.html

lockfile_version = 2

[[tools.cue]]
version = "0.17.1"
backend = "aqua:cue-lang/cue"
specifiers = ["0.17.1"]

[tools.cue."platforms.linux-arm64"]
checksum = "sha256:0d729be30d52c952ca38fc9dcb692caa09d8463fa0b64df5781312779183fbcd"
url = "https://github.com/cue-lang/cue/releases/download/v0.17.1/cue_v0.17.1_linux_arm64.tar.gz"
url_api = "https://api.github.com/repos/cue-lang/cue/releases/assets/479014345"

[tools.cue."platforms.linux-x64"]
checksum = "sha256:a39b0c97695069d95d276d99be0f5dbabb081d801bfdc9ba49b76efaf94e2369"
url = "https://github.com/cue-lang/cue/releases/download/v0.17.1/cue_v0.17.1_linux_amd64.tar.gz"
url_api = "https://api.github.com/repos/cue-lang/cue/releases/assets/479014346"

[tools.cue."platforms.macos-arm64"]
checksum = "sha256:64921403f012a97f89494c03605db2fbf7d9daa77dc2631819ac4406cb2e8074"
url = "https://github.com/cue-lang/cue/releases/download/v0.17.1/cue_v0.17.1_darwin_arm64.tar.gz"
url_api = "https://api.github.com/repos/cue-lang/cue/releases/assets/479014347"

[tools.cue."platforms.macos-x64"]
checksum = "sha256:80aa026c3f47400c7bfc228b3422fd56b7c6c5ea4d70686f8d8f01ced716d3de"
url = "https://github.com/cue-lang/cue/releases/download/v0.17.1/cue_v0.17.1_darwin_amd64.tar.gz"
url_api = "https://api.github.com/repos/cue-lang/cue/releases/assets/479014348"

[tools.cue."platforms.windows-x64"]
checksum = "sha256:9f15378dc52b9a1bb6fa1755adc0410c9f17f330a621b784a5b31fdbc91c6d7a"
url = "https://github.com/cue-lang/cue/releases/download/v0.17.1/cue_v0.17.1_windows_amd64.zip"
url_api = "https://api.github.com/repos/cue-lang/cue/releases/assets/479014351"

[[tools."github:anchore/syft"]]
version = "1.52.0"
backend = "github:anchore/syft"
specifiers = ["1.52.0"]

[tools."github:anchore/syft"."platforms.linux-arm64"]
checksum = "sha256:c46d5e4c28e12aa4c5becfaa343ef1c7f89045b6b895f2c21d471c62db09c706"
url = "https://github.com/anchore/syft/releases/download/v1.52.0/syft_1.52.0_linux_arm64.tar.gz"
url_api = "https://api.github.com/repos/anchore/syft/releases/assets/570445811"
provenance = "github-attestations"

[tools."github:anchore/syft"."platforms.linux-x64"]
checksum = "sha256:caeedb81fb0491615f1ebd1761e4145d41ee86dd2cc7bf80669f9f5ad9d6133d"
url = "https://github.com/anchore/syft/releases/download/v1.52.0/syft_1.52.0_linux_amd64.tar.gz"
url_api = "https://api.github.com/repos/anchore/syft/releases/assets/570445809"
provenance = "github-attestations"

[tools."github:anchore/syft"."platforms.macos-arm64"]
checksum = "sha256:014d561b6d13059124155f74a6c5a9a99501f5e209313638dd884f39eb418ee6"
url = "https://github.com/anchore/syft/releases/download/v1.52.0/syft_1.52.0_darwin_arm64.tar.gz"
url_api = "https://api.github.com/repos/anchore/syft/releases/assets/570445806"
provenance = "github-attestations"

[tools."github:anchore/syft"."platforms.macos-x64"]
checksum = "sha256:56975f5d7ffa9846a1eaf64330647841b878097bc7e3730cb9325f93add96917"
url = "https://github.com/anchore/syft/releases/download/v1.52.0/syft_1.52.0_darwin_amd64.tar.gz"
url_api = "https://api.github.com/repos/anchore/syft/releases/assets/570445818"
provenance = "github-attestations"

[tools."github:anchore/syft"."platforms.windows-x64"]
checksum = "sha256:de787a374cf961c56fd7b206b2e183295abba32d0af3cb44d9aef2357ca9eda2"
url = "https://github.com/anchore/syft/releases/download/v1.52.0/syft_1.52.0_windows_amd64.zip"
url_api = "https://api.github.com/repos/anchore/syft/releases/assets/570445831"
provenance = "github-attestations"

[[tools."github:boyter/scc"]]
version = "4.1.0"
backend = "github:boyter/scc"
specifiers = ["4.1.0"]

[tools."github:boyter/scc"."platforms.linux-arm64"]
checksum = "sha256:6e0d2a1f8d3540ba7df185477dec40bb7340f1b214bfd303147de5cad2bd7b8b"
url = "https://github.com/boyter/scc/releases/download/v4.1.0/scc_Linux_arm64.tar.gz"
url_api = "https://api.github.com/repos/boyter/scc/releases/assets/549478881"

[tools."github:boyter/scc"."platforms.linux-x64"]
checksum = "sha256:c7328436d3027f4357d3d7853f7dc3ac2bbcb4ca08f1adad91a27c593884079b"
url = "https://github.com/boyter/scc/releases/download/v4.1.0/scc_Linux_x86_64.tar.gz"
url_api = "https://api.github.com/repos/boyter/scc/releases/assets/549478876"

[tools."github:boyter/scc"."platforms.macos-arm64"]
checksum = "sha256:7201c7aa4aace058d43308462cba72adb18f6094c08c0741727455976d0a0747"
url = "https://github.com/boyter/scc/releases/download/v4.1.0/scc_Darwin_arm64.tar.gz"
url_api = "https://api.github.com/repos/boyter/scc/releases/assets/549478883"

[tools."github:boyter/scc"."platforms.macos-x64"]
checksum = "sha256:7f705031228add7e55edded409179a60de6b538d41f153ba2922dee95adda50d"
url = "https://github.com/boyter/scc/releases/download/v4.1.0/scc_Darwin_x86_64.tar.gz"
url_api = "https://api.github.com/repos/boyter/scc/releases/assets/549478879"

[tools."github:boyter/scc"."platforms.windows-x64"]
checksum = "sha256:4a433984f45ff29c94eeb3af6db5b511c58f5bf74063dccedafcbf473cb8ff31"
url = "https://github.com/boyter/scc/releases/download/v4.1.0/scc_Windows_x86_64.zip"
url_api = "https://api.github.com/repos/boyter/scc/releases/assets/549478880"

[[tools."github:gitleaks/gitleaks"]]
version = "8.30.1"
backend = "github:gitleaks/gitleaks"
specifiers = ["8.30.1"]

[tools."github:gitleaks/gitleaks"."platforms.linux-arm64"]
checksum = "sha256:e4a487ee7ccd7d3a7f7ec08657610aa3606637dab924210b3aee62570fb4b080"
url = "https://github.com/gitleaks/gitleaks/releases/download/v8.30.1/gitleaks_8.30.1_linux_arm64.tar.gz"
url_api = "https://api.github.com/repos/gitleaks/gitleaks/releases/assets/378332057"

[tools."github:gitleaks/gitleaks"."platforms.linux-x64"]
checksum = "sha256:551f6fc83ea457d62a0d98237cbad105af8d557003051f41f3e7ca7b3f2470eb"
url = "https://github.com/gitleaks/gitleaks/releases/download/v8.30.1/gitleaks_8.30.1_linux_x64.tar.gz"
url_api = "https://api.github.com/repos/gitleaks/gitleaks/releases/assets/378332058"

[tools."github:gitleaks/gitleaks"."platforms.macos-arm64"]
checksum = "sha256:b40ab0ae55c505963e365f271a8d3846efbc170aa17f2607f13df610a9aeb6a5"
url = "https://github.com/gitleaks/gitleaks/releases/download/v8.30.1/gitleaks_8.30.1_darwin_arm64.tar.gz"
url_api = "https://api.github.com/repos/gitleaks/gitleaks/releases/assets/378332059"

[tools."github:gitleaks/gitleaks"."platforms.macos-x64"]
checksum = "sha256:dfe101a4db2255fc85120ac7f3d25e4342c3c20cf749f2c20a18081af1952709"
url = "https://github.com/gitleaks/gitleaks/releases/download/v8.30.1/gitleaks_8.30.1_darwin_x64.tar.gz"
url_api = "https://api.github.com/repos/gitleaks/gitleaks/releases/assets/378332053"

[tools."github:gitleaks/gitleaks"."platforms.windows-x64"]
checksum = "sha256:d29144deff3a68aa93ced33dddf84b7fdc26070add4aa0f4513094c8332afc4e"
url = "https://github.com/gitleaks/gitleaks/releases/download/v8.30.1/gitleaks_8.30.1_windows_x64.zip"
url_api = "https://api.github.com/repos/gitleaks/gitleaks/releases/assets/378333178"

[[tools."github:rhysd/actionlint"]]
version = "1.7.12"
backend = "github:rhysd/actionlint"
specifiers = ["1.7.12"]

[tools."github:rhysd/actionlint"."platforms.linux-arm64"]
checksum = "sha256:325e971b6ba9bfa504672e29be93c24981eeb1c07576d730e9f7c8805afff0c6"
url = "https://github.com/rhysd/actionlint/releases/download/v1.7.12/actionlint_1.7.12_linux_arm64.tar.gz"
url_api = "https://api.github.com/repos/rhysd/actionlint/releases/assets/384924897"
provenance = "github-attestations"

[tools."github:rhysd/actionlint"."platforms.linux-x64"]
checksum = "sha256:8aca8db96f1b94770f1b0d72b6dddcb1ebb8123cb3712530b08cc387b349a3d8"
url = "https://github.com/rhysd/actionlint/releases/download/v1.7.12/actionlint_1.7.12_linux_amd64.tar.gz"
url_api = "https://api.github.com/repos/rhysd/actionlint/releases/assets/384924896"
provenance = "github-attestations"

[tools."github:rhysd/actionlint"."platforms.macos-arm64"]
checksum = "sha256:aba9ced2dee8d27fecca3dc7feb1a7f9a52caefa1eb46f3271ea66b6e0e6953f"
url = "https://github.com/rhysd/actionlint/releases/download/v1.7.12/actionlint_1.7.12_darwin_arm64.tar.gz"
url_api = "https://api.github.com/repos/rhysd/actionlint/releases/assets/384924893"
provenance = "github-attestations"

[tools."github:rhysd/actionlint"."platforms.macos-x64"]
checksum = "sha256:5b44c3bc2255115c9b69e30efc0fecdf498fdb63c5d58e17084fd5f16324c644"
url = "https://github.com/rhysd/actionlint/releases/download/v1.7.12/actionlint_1.7.12_darwin_amd64.tar.gz"
url_api = "https://api.github.com/repos/rhysd/actionlint/releases/assets/384924880"
provenance = "github-attestations"

[tools."github:rhysd/actionlint"."platforms.windows-x64"]
checksum = "sha256:6e7241b51e6817ea6a047693d8e6fed13b31819c9a0dd6c5a726e1592d22f6e9"
url = "https://github.com/rhysd/actionlint/releases/download/v1.7.12/actionlint_1.7.12_windows_amd64.zip"
url_api = "https://api.github.com/repos/rhysd/actionlint/releases/assets/384924919"
provenance = "github-attestations"

[[tools.go]]
version = "1.27.1"
backend = "core:go"
specifiers = ["1.27.1"]

[tools.go."platforms.linux-arm64"]
checksum = "sha256:3450b45a3f9ee8568792736a5c5e70a1f2e9b36c35a8f74958c03e51d7d92bec"
url = "https://dl.google.com/go/go1.27.1.linux-arm64.tar.gz"

[tools.go."platforms.linux-x64"]
checksum = "sha256:63d339f0da5ab53635a56f2490a7984dfe12dfcff22ad749f63edaf590168445"
url = "https://dl.google.com/go/go1.27.1.linux-amd64.tar.gz"

[tools.go."platforms.macos-arm64"]
checksum = "sha256:ee215d57e0ec269c60cc9ceca68e6bda321ba9ee5afe24f4b0988703c2d87d12"
url = "https://dl.google.com/go/go1.27.1.darwin-arm64.tar.gz"

[tools.go."platforms.macos-x64"]
checksum = "sha256:8f8f52c6649542cf027bbc9b9c68d1ec042f9f34808a40413f0b8b3f66f3caa4"
url = "https://dl.google.com/go/go1.27.1.darwin-amd64.tar.gz"

[tools.go."platforms.windows-x64"]
checksum = "sha256:a3911b5e0e1b1053f25ed0675f4c1c6aad1e2bfcf253df2b9be4caabd2edd95d"
url = "https://dl.google.com/go/go1.27.1.windows-amd64.zip"
